
Microsoft Visual Studio Solution File, Format Version 12.00
# Visual Studio Version 17
VisualStudioVersion = 17.7.34202.233
MinimumVisualStudioVersion = 10.0.40219.1
Project("{FAE04EC0-301F-11D3-BF4B-00C04F79EFBC}") = "User_Interface", "User_Interface\User_Interface.csproj", "{0DA99C64-6CCB-48C0-B3F4-5B3B56301E2F}"
EndProject
Project("{FAE04EC0-301F-11D3-BF4B-00C04F79EFBC}") = "SimpleCRUD2", "SimpleCRUD2\SimpleCRUD2.csproj", "{F609B62C-E2DC-4830-9D85-2A26637D0B53}"
EndProject
Project("{FAE04EC0-301F-11D3-BF4B-00C04F79EFBC}") = "ToDoListConsoleApp2", "ToDoListConsoleApp2\ToDoListConsoleApp2.csproj", "{B7E4877F-1DF4-40C4-93F0-47292642810D}"
EndProject
Global
	GlobalSection(SolutionConfigurationPlatforms) = preSolution
		Debug|Any CPU = Debug|Any CPU
		Release|Any CPU = Release|Any CPU
	EndGlobalSection
	GlobalSection(ProjectConfigurationPlatforms) = postSolution
		{0DA99C64-6CCB-48C0-B3F4-5B3B56301E2F}.Debug|Any CPU.ActiveCfg = Debug|Any CPU
		{0DA99C64-6CCB-48C0-B3F4-5B3B56301E2F}.Debug|Any CPU.Build.0 = Debug|Any CPU
		{0DA99C64-6CCB-48C0-B3F4-5B3B56301E2F}.Release|Any CPU.ActiveCfg = Release|Any CPU
		{0DA99C64-6CCB-48C0-B3F4-5B3B56301E2F}.Release|Any CPU.Build.0 = Release|Any CPU
		{F609B62C-E2DC-4830-9D85-2A26637D0B53}.Debug|Any CPU.ActiveCfg = Debug|Any CPU
		{F609B62C-E2DC-4830-9D85-2A26637D0B53}.Debug|Any CPU.Build.0 = Debug|Any CPU
		{F609B62C-E2DC-4830-9D85-2A26637D0B53}.Release|Any CPU.ActiveCfg = Release|Any CPU
		{F609B62C-E2DC-4830-9D85-2A26637D0B53}.Release|Any CPU.Build.0 = Release|Any CPU
		{B7E4877F-1DF4-40C4-93F0-47292642810D}.Debug|Any CPU.ActiveCfg = Debug|Any CPU
		{B7E4877F-1DF4-40C4-93F0-47292642810D}.Debug|Any CPU.Build.0 = Debug|Any CPU
		{B7E4877F-1DF4-40C4-93F0-47292642810D}.Release|Any CPU.ActiveCfg = Release|Any CPU
		{B7E4877F-1DF4-40C4-93F0-47292642810D}.Release|Any CPU.Build.0 = Release|Any CPU
	EndGlobalSection
	GlobalSection(SolutionProperties) = preSolution
		HideSolutionNode = FALSE
	EndGlobalSection
	GlobalSection(ExtensibilityGlobals) = postSolution
		SolutionGuid = {F4CA3D5B-FBA0-406D-A9E8-6981D5AEF70F}
	EndGlobalSection
EndGlobal
